
Microsoft Visual Studio Solution File, Format Version 12.00
# Visual Studio Version 17
VisualStudioVersion = 17.5.002.0
MinimumVisualStudioVersion = 10.0.40219.1
Project("{9A19103F-16F7-4668-BE54-9A1E7A4F7556}") = "P8SpritesheetExtract", "P8SpritesheetExtract.csproj", "{9EC65E53-541E-4202-9158-7922287EA2BB}"
EndProject
Global
	GlobalSection(SolutionConfigurationPlatforms) = preSolution
		Debug|Any CPU = Debug|Any CPU
		Release|Any CPU = Release|Any CPU
	EndGlobalSection
	GlobalSection(ProjectConfigurationPlatforms) = postSolution
		{9EC65E53-541E-4202-9158-7922287EA2BB}.Debug|Any CPU.ActiveCfg = Debug|Any CPU
		{9EC65E53-541E-4202-9158-7922287EA2BB}.Debug|Any CPU.Build.0 = Debug|Any CPU
		{9EC65E53-541E-4202-9158-7922287EA2BB}.Release|Any CPU.ActiveCfg = Release|Any CPU
		{9EC65E53-541E-4202-9158-7922287EA2BB}.Release|Any CPU.Build.0 = Release|Any CPU
	EndGlobalSection
	GlobalSection(SolutionProperties) = preSolution
		HideSolutionNode = FALSE
	EndGlobalSection
	GlobalSection(ExtensibilityGlobals) = postSolution
		SolutionGuid = {AD268AD2-CEC3-4DD2-B888-3B1D2262C462}
	EndGlobalSection
EndGlobal
